
Microsoft Visual Studio Solution File, Format Version 12.00
# Visual Studio Version 17
VisualStudioVersion = 17.6.33829.357
MinimumVisualStudioVersion = 10.0.40219.1
Project("{FAE04EC0-301F-11D3-BF4B-00C04F79EFBC}") = "jla-sales", "jla-sales.csproj", "{4632CB89-5173-4D6D-98E8-709523B36B77}"
EndProject
Global
	GlobalSection(SolutionConfigurationPlatforms) = preSolution
		Debug|Any CPU = Debug|Any CPU
		Release|Any CPU = Release|Any CPU
	EndGlobalSection
	GlobalSection(ProjectConfigurationPlatforms) = postSolution
		{4632CB89-5173-4D6D-98E8-709523B36B77}.Debug|Any CPU.ActiveCfg = Debug|Any CPU
		{4632CB89-5173-4D6D-98E8-709523B36B77}.Debug|Any CPU.Build.0 = Debug|Any CPU
		{4632CB89-5173-4D6D-98E8-709523B36B77}.Release|Any CPU.ActiveCfg = Release|Any CPU
		{4632CB89-5173-4D6D-98E8-709523B36B77}.Release|Any CPU.Build.0 = Release|Any CPU
	EndGlobalSection
	GlobalSection(SolutionProperties) = preSolution
		HideSolutionNode = FALSE
	EndGlobalSection
	GlobalSection(ExtensibilityGlobals) = postSolution
		SolutionGuid = {269EFA11-3A7F-4E0A-B4A3-E542C3401B09}
	EndGlobalSection
EndGlobal
