
Microsoft Visual Studio Solution File, Format Version 12.00
# Visual Studio Version 17
VisualStudioVersion = 17.6.33829.357
MinimumVisualStudioVersion = 10.0.40219.1
Project("{FAE04EC0-301F-11D3-BF4B-00C04F79EFBC}") = "JLASales.Business", "JLASales.Business\JLASales.Business.csproj", "{5F021217-3A93-40C1-BC44-A874041656A1}"
EndProject
Project("{FAE04EC0-301F-11D3-BF4B-00C04F79EFBC}") = "JLASales.Data", "JLASales.Data\JLASales.Data.csproj", "{8286B348-808B-498B-BB30-3C7D5CB256E3}"
EndProject
Global
	GlobalSection(SolutionConfigurationPlatforms) = preSolution
		Debug|Any CPU = Debug|Any CPU
		Release|Any CPU = Release|Any CPU
	EndGlobalSection
	GlobalSection(ProjectConfigurationPlatforms) = postSolution
		{5F021217-3A93-40C1-BC44-A874041656A1}.Debug|Any CPU.ActiveCfg = Debug|Any CPU
		{5F021217-3A93-40C1-BC44-A874041656A1}.Debug|Any CPU.Build.0 = Debug|Any CPU
		{5F021217-3A93-40C1-BC44-A874041656A1}.Release|Any CPU.ActiveCfg = Release|Any CPU
		{5F021217-3A93-40C1-BC44-A874041656A1}.Release|Any CPU.Build.0 = Release|Any CPU
		{8286B348-808B-498B-BB30-3C7D5CB256E3}.Debug|Any CPU.ActiveCfg = Debug|Any CPU
		{8286B348-808B-498B-BB30-3C7D5CB256E3}.Debug|Any CPU.Build.0 = Debug|Any CPU
		{8286B348-808B-498B-BB30-3C7D5CB256E3}.Release|Any CPU.ActiveCfg = Release|Any CPU
		{8286B348-808B-498B-BB30-3C7D5CB256E3}.Release|Any CPU.Build.0 = Release|Any CPU
	EndGlobalSection
	GlobalSection(SolutionProperties) = preSolution
		HideSolutionNode = FALSE
	EndGlobalSection
	GlobalSection(ExtensibilityGlobals) = postSolution
		SolutionGuid = {81E745DD-9665-477E-86B9-E6AE86A7B5A1}
	EndGlobalSection
EndGlobal
